
Microsoft Visual Studio Solution File, Format Version 12.00
# Visual Studio Version 16
VisualStudioVersion = 16.0.31515.178
MinimumVisualStudioVersion = 10.0.40219.1
Project("{8BC9CEB8-8B4A-11D0-8D11-00A0C91BC942}") = "imgui", "External\imgui\imgui.vcxproj", "{16935E4C-1E43-4BF7-B492-9046C84E0051}"
EndProject
Project("{2150E333-8FDC-42A3-9474-1A3956D46DE8}") = "External", "External", "{320A2EDB-FB50-4FA4-8783-24A5491B1F8D}"
EndProject
Project("{8BC9CEB8-8B4A-11D0-8D11-00A0C91BC942}") = "raylib", "External\raylib\raylib.vcxproj", "{694BAA77-1818-40C8-A18B-C5F9C23833C1}"
EndProject
Project("{2150E333-8FDC-42A3-9474-1A3956D46DE8}") = "Framework", "Framework", "{C0CC240D-DDF1-4024-B0CB-F115A6306ABD}"
EndProject
Project("{8BC9CEB8-8B4A-11D0-8D11-00A0C91BC942}") = "REng", "Framework\REng\REng.vcxproj", "{4AE43EF3-C7AC-4C36-8ECB-36E394711BDB}"
EndProject
Project("{2150E333-8FDC-42A3-9474-1A3956D46DE8}") = "VGP332", "VGP332", "{3064C18D-24A1-4D70-A6D7-F6F2CEBFAAFF}"
EndProject
Project("{8BC9CEB8-8B4A-11D0-8D11-00A0C91BC942}") = "Pathfinding", "Pathfinding\Pathfinding.vcxproj", "{34E94ED4-5ACB-47DB-8A4D-937B98CCAA1C}"
EndProject
Project("{8BC9CEB8-8B4A-11D0-8D11-00A0C91BC942}") = "AI", "Framework\AI\AI.vcxproj", "{425E0C3E-AF52-4E94-BBE9-43481790064E}"
EndProject
Project("{8BC9CEB8-8B4A-11D0-8D11-00A0C91BC942}") = "EMath", "Framework\EMath\EMath.vcxproj", "{F6267A9F-6B85-4F9D-BF25-F4A351D972E2}"
EndProject
Project("{8BC9CEB8-8B4A-11D0-8D11-00A0C91BC942}") = "FSM", "FSM\FSM.vcxproj", "{AC220E94-183E-4670-BF18-99BA9902D3E5}"
EndProject
Project("{8BC9CEB8-8B4A-11D0-8D11-00A0C91BC942}") = "Steering", "Steering\Steering.vcxproj", "{8A48198E-B67D-48B9-A750-81532D3C5790}"
EndProject
Global
	GlobalSection(SolutionConfigurationPlatforms) = preSolution
		Debug|x64 = Debug|x64
		Debug|x86 = Debug|x86
		Release|x64 = Release|x64
		Release|x86 = Release|x86
	EndGlobalSection
	GlobalSection(ProjectConfigurationPlatforms) = postSolution
		{16935E4C-1E43-4BF7-B492-9046C84E0051}.Debug|x64.ActiveCfg = Debug|x64
		{16935E4C-1E43-4BF7-B492-9046C84E0051}.Debug|x64.Build.0 = Debug|x64
		{16935E4C-1E43-4BF7-B492-9046C84E0051}.Debug|x86.ActiveCfg = Debug|Win32
		{16935E4C-1E43-4BF7-B492-9046C84E0051}.Debug|x86.Build.0 = Debug|Win32
		{16935E4C-1E43-4BF7-B492-9046C84E0051}.Release|x64.ActiveCfg = Release|x64
		{16935E4C-1E43-4BF7-B492-9046C84E0051}.Release|x64.Build.0 = Release|x64
		{16935E4C-1E43-4BF7-B492-9046C84E0051}.Release|x86.ActiveCfg = Release|Win32
		{16935E4C-1E43-4BF7-B492-9046C84E0051}.Release|x86.Build.0 = Release|Win32
		{694BAA77-1818-40C8-A18B-C5F9C23833C1}.Debug|x64.ActiveCfg = Debug|x64
		{694BAA77-1818-40C8-A18B-C5F9C23833C1}.Debug|x64.Build.0 = Debug|x64
		{694BAA77-1818-40C8-A18B-C5F9C23833C1}.Debug|x86.ActiveCfg = Debug|Win32
		{694BAA77-1818-40C8-A18B-C5F9C23833C1}.Debug|x86.Build.0 = Debug|Win32
		{694BAA77-1818-40C8-A18B-C5F9C23833C1}.Release|x64.ActiveCfg = Release|x64
		{694BAA77-1818-40C8-A18B-C5F9C23833C1}.Release|x64.Build.0 = Release|x64
		{694BAA77-1818-40C8-A18B-C5F9C23833C1}.Release|x86.ActiveCfg = Release|Win32
		{694BAA77-1818-40C8-A18B-C5F9C23833C1}.Release|x86.Build.0 = Release|Win32
		{4AE43EF3-C7AC-4C36-8ECB-36E394711BDB}.Debug|x64.ActiveCfg = Debug|x64
		{4AE43EF3-C7AC-4C36-8ECB-36E394711BDB}.Debug|x64.Build.0 = Debug|x64
		{4AE43EF3-C7AC-4C36-8ECB-36E394711BDB}.Debug|x86.ActiveCfg = Debug|Win32
		{4AE43EF3-C7AC-4C36-8ECB-36E394711BDB}.Debug|x86.Build.0 = Debug|Win32
		{4AE43EF3-C7AC-4C36-8ECB-36E394711BDB}.Release|x64.ActiveCfg = Release|x64
		{4AE43EF3-C7AC-4C36-8ECB-36E394711BDB}.Release|x64.Build.0 = Release|x64
		{4AE43EF3-C7AC-4C36-8ECB-36E394711BDB}.Release|x86.ActiveCfg = Release|Win32
		{4AE43EF3-C7AC-4C36-8ECB-36E394711BDB}.Release|x86.Build.0 = Release|Win32
		{34E94ED4-5ACB-47DB-8A4D-937B98CCAA1C}.Debug|x64.ActiveCfg = Debug|x64
		{34E94ED4-5ACB-47DB-8A4D-937B98CCAA1C}.Debug|x64.Build.0 = Debug|x64
		{34E94ED4-5ACB-47DB-8A4D-937B98CCAA1C}.Debug|x86.ActiveCfg = Debug|Win32
		{34E94ED4-5ACB-47DB-8A4D-937B98CCAA1C}.Debug|x86.Build.0 = Debug|Win32
		{34E94ED4-5ACB-47DB-8A4D-937B98CCAA1C}.Release|x64.ActiveCfg = Release|x64
		{34E94ED4-5ACB-47DB-8A4D-937B98CCAA1C}.Release|x64.Build.0 = Release|x64
		{34E94ED4-5ACB-47DB-8A4D-937B98CCAA1C}.Release|x86.ActiveCfg = Release|Win32
		{34E94ED4-5ACB-47DB-8A4D-937B98CCAA1C}.Release|x86.Build.0 = Release|Win32
		{425E0C3E-AF52-4E94-BBE9-43481790064E}.Debug|x64.ActiveCfg = Debug|x64
		{425E0C3E-AF52-4E94-BBE9-43481790064E}.Debug|x64.Build.0 = Debug|x64
		{425E0C3E-AF52-4E94-BBE9-43481790064E}.Debug|x86.ActiveCfg = Debug|Win32
		{425E0C3E-AF52-4E94-BBE9-43481790064E}.Debug|x86.Build.0 = Debug|Win32
		{425E0C3E-AF52-4E94-BBE9-43481790064E}.Release|x64.ActiveCfg = Release|x64
		{425E0C3E-AF52-4E94-BBE9-43481790064E}.Release|x64.Build.0 = Release|x64
		{425E0C3E-AF52-4E94-BBE9-43481790064E}.Release|x86.ActiveCfg = Release|Win32
		{425E0C3E-AF52-4E94-BBE9-43481790064E}.Release|x86.Build.0 = Release|Win32
		{F6267A9F-6B85-4F9D-BF25-F4A351D972E2}.Debug|x64.ActiveCfg = Debug|x64
		{F6267A9F-6B85-4F9D-BF25-F4A351D972E2}.Debug|x64.Build.0 = Debug|x64
		{F6267A9F-6B85-4F9D-BF25-F4A351D972E2}.Debug|x86.ActiveCfg = Debug|Win32
		{F6267A9F-6B85-4F9D-BF25-F4A351D972E2}.Debug|x86.Build.0 = Debug|Win32
		{F6267A9F-6B85-4F9D-BF25-F4A351D972E2}.Release|x64.ActiveCfg = Release|x64
		{F6267A9F-6B85-4F9D-BF25-F4A351D972E2}.Release|x64.Build.0 = Release|x64
		{F6267A9F-6B85-4F9D-BF25-F4A351D972E2}.Release|x86.ActiveCfg = Release|Win32
		{F6267A9F-6B85-4F9D-BF25-F4A351D972E2}.Release|x86.Build.0 = Release|Win32
		{AC220E94-183E-4670-BF18-99BA9902D3E5}.Debug|x64.ActiveCfg = Debug|x64
		{AC220E94-183E-4670-BF18-99BA9902D3E5}.Debug|x64.Build.0 = Debug|x64
		{AC220E94-183E-4670-BF18-99BA9902D3E5}.Debug|x86.ActiveCfg = Debug|Win32
		{AC220E94-183E-4670-BF18-99BA9902D3E5}.Debug|x86.Build.0 = Debug|Win32
		{AC220E94-183E-4670-BF18-99BA9902D3E5}.Release|x64.ActiveCfg = Release|x64
		{AC220E94-183E-4670-BF18-99BA9902D3E5}.Release|x64.Build.0 = Release|x64
		{AC220E94-183E-4670-BF18-99BA9902D3E5}.Release|x86.ActiveCfg = Release|Win32
		{AC220E94-183E-4670-BF18-99BA9902D3E5}.Release|x86.Build.0 = Release|Win32
		{8A48198E-B67D-48B9-A750-81532D3C5790}.Debug|x64.ActiveCfg = Debug|x64
		{8A48198E-B67D-48B9-A750-81532D3C5790}.Debug|x64.Build.0 = Debug|x64
		{8A48198E-B67D-48B9-A750-81532D3C5790}.Debug|x86.ActiveCfg = Debug|Win32
		{8A48198E-B67D-48B9-A750-81532D3C5790}.Debug|x86.Build.0 = Debug|Win32
		{8A48198E-B67D-48B9-A750-81532D3C5790}.Release|x64.ActiveCfg = Release|x64
		{8A48198E-B67D-48B9-A750-81532D3C5790}.Release|x64.Build.0 = Release|x64
		{8A48198E-B67D-48B9-A750-81532D3C5790}.Release|x86.ActiveCfg = Release|Win32
		{8A48198E-B67D-48B9-A750-81532D3C5790}.Release|x86.Build.0 = Release|Win32
	EndGlobalSection
	GlobalSection(SolutionProperties) = preSolution
		HideSolutionNode = FALSE
	EndGlobalSection
	GlobalSection(NestedProjects) = preSolution
		{16935E4C-1E43-4BF7-B492-9046C84E0051} = {320A2EDB-FB50-4FA4-8783-24A5491B1F8D}
		{694BAA77-1818-40C8-A18B-C5F9C23833C1} = {320A2EDB-FB50-4FA4-8783-24A5491B1F8D}
		{4AE43EF3-C7AC-4C36-8ECB-36E394711BDB} = {C0CC240D-DDF1-4024-B0CB-F115A6306ABD}
		{425E0C3E-AF52-4E94-BBE9-43481790064E} = {C0CC240D-DDF1-4024-B0CB-F115A6306ABD}
		{F6267A9F-6B85-4F9D-BF25-F4A351D972E2} = {C0CC240D-DDF1-4024-B0CB-F115A6306ABD}
	EndGlobalSection
	GlobalSection(ExtensibilityGlobals) = postSolution
		SolutionGuid = {C4FB3008-B2EC-47AA-BFEF-79C4A67CE230}
	EndGlobalSection
EndGlobal
